// !$*UTF8*$!
{
	archiveVersion = 1;
	classes = {
	};
	objectVersion = 46;
	objects = {

/* Begin PBXBuildFile section */
		8428FEC3186D80EE0040EADB /* CoreTelephony.framework in Frameworks */ = {isa = PBXBuildFile; fileRef = 8428FEC2186D80EE0040EADB /* CoreTelephony.framework */; };
		8428FEC5186D81D60040EADB /* SystemConfiguration.framework in Frameworks */ = {isa = PBXBuildFile; fileRef = 8428FEC4186D81D60040EADB /* SystemConfiguration.framework */; };
		84A4A310186D5E1100AEAD27 /* Foundation.framework in Frameworks */ = {isa = PBXBuildFile; fileRef = 84A4A30F186D5E1100AEAD27 /* Foundation.framework */; };
		84A4A312186D5E1100AEAD27 /* CoreGraphics.framework in Frameworks */ = {isa = PBXBuildFile; fileRef = 84A4A311186D5E1100AEAD27 /* CoreGraphics.framework */; };
		84A4A314186D5E1100AEAD27 /* UIKit.framework in Frameworks */ = {isa = PBXBuildFile; fileRef = 84A4A313186D5E1100AEAD27 /* UIKit.framework */; };
		84A4A31A186D5E1100AEAD27 /* InfoPlist.strings in Resources */ = {isa = PBXBuildFile; fileRef = 84A4A318186D5E1100AEAD27 /* InfoPlist.strings */; };
		84A4A31C186D5E1100AEAD27 /* main.m in Sources */ = {isa = PBXBuildFile; fileRef = 84A4A31B186D5E1100AEAD27 /* main.m */; };
		84A4A320186D5E1100AEAD27 /* AppDelegate.m in Sources */ = {isa = PBXBuildFile; fileRef = 84A4A31F186D5E1100AEAD27 /* AppDelegate.m */; };
		84A4A323186D5E1100AEAD27 /* Main.storyboard in Resources */ = {isa = PBXBuildFile; fileRef = 84A4A321186D5E1100AEAD27 /* Main.storyboard */; };
		84A4A326186D5E1100AEAD27 /* ViewController.m in Sources */ = {isa = PBXBuildFile; fileRef = 84A4A325186D5E1100AEAD27 /* ViewController.m */; };
		84A4A328186D5E1100AEAD27 /* Images.xcassets in Resources */ = {isa = PBXBuildFile; fileRef = 84A4A327186D5E1100AEAD27 /* Images.xcassets */; };
		84A4A32F186D5E1100AEAD27 /* XCTest.framework in Frameworks */ = {isa = PBXBuildFile; fileRef = 84A4A32E186D5E1100AEAD27 /* XCTest.framework */; };
		84A4A330186D5E1100AEAD27 /* Foundation.framework in Frameworks */ = {isa = PBXBuildFile; fileRef = 84A4A30F186D5E1100AEAD27 /* Foundation.framework */; };
		84A4A331186D5E1100AEAD27 /* UIKit.framework in Frameworks */ = {isa = PBXBuildFile; fileRef = 84A4A313186D5E1100AEAD27 /* UIKit.framework */; };
		84A4A339186D5E1100AEAD27 /* InfoPlist.strings in Resources */ = {isa = PBXBuildFile; fileRef = 84A4A337186D5E1100AEAD27 /* InfoPlist.strings */; };
		84A4A33B186D5E1100AEAD27 /* ReachabilityExTests.m in Sources */ = {isa = PBXBuildFile; fileRef = 84A4A33A186D5E1100AEAD27 /* ReachabilityExTests.m */; };
		84A4A346186D5E3100AEAD27 /* Reachability.m in Sources */ = {isa = PBXBuildFile; fileRef = 84A4A345186D5E3100AEAD27 /* Reachability.m */; settings = {COMPILER_FLAGS = "-fno-objc-arc"; }; };
		84A4A349186D5F2500AEAD27 /* Reachability+XG.m in Sources */ = {isa = PBXBuildFile; fileRef = 84A4A348186D5F2500AEAD27 /* Reachability+XG.m */; };
/* End PBXBuildFile section */

/* Begin PBXContainerItemProxy section */
		84A4A332186D5E1100AEAD27 /* PBXContainerItemProxy */ = {
			isa = PBXContainerItemProxy;
			containerPortal = 84A4A304186D5E1100AEAD27 /* Project object */;
			proxyType = 1;
			remoteGlobalIDString = 84A4A30B186D5E1100AEAD27;
			remoteInfo = ReachabilityEx;
		};
/* End PBXContainerItemProxy section */

/* Begin PBXFileReference section */
		8428FEC2186D80EE0040EADB /* CoreTelephony.framework */ = {isa = PBXFileReference; lastKnownFileType = wrapper.framework; name = CoreTelephony.framework; path = ../../../../Applications/Xcode4.app/Contents/Developer/Platforms/iPhoneOS.platform/Developer/SDKs/iPhoneOS6.1.sdk/System/Library/Frameworks/CoreTelephony.framework; sourceTree = "<group>"; };
		8428FEC4186D81D60040EADB /* SystemConfiguration.framework */ = {isa = PBXFileReference; lastKnownFileType = wrapper.framework; name = SystemConfiguration.framework; path = ../../../../Applications/Xcode4.app/Contents/Developer/Platforms/iPhoneOS.platform/Developer/SDKs/iPhoneOS6.1.sdk/System/Library/Frameworks/SystemConfiguration.framework; sourceTree = "<group>"; };
		84A4A30C186D5E1100AEAD27 /* ReachabilityEx.app */ = {isa = PBXFileReference; explicitFileType = wrapper.application; includeInIndex = 0; path = ReachabilityEx.app; sourceTree = BUILT_PRODUCTS_DIR; };
		84A4A30F186D5E1100AEAD27 /* Foundation.framework */ = {isa = PBXFileReference; lastKnownFileType = wrapper.framework; name = Foundation.framework; path = System/Library/Frameworks/Foundation.framework; sourceTree = SDKROOT; };
		84A4A311186D5E1100AEAD27 /* CoreGraphics.framework */ = {isa = PBXFileReference; lastKnownFileType = wrapper.framework; name = CoreGraphics.framework; path = System/Library/Frameworks/CoreGraphics.framework; sourceTree = SDKROOT; };
		84A4A313186D5E1100AEAD27 /* UIKit.framework */ = {isa = PBXFileReference; lastKnownFileType = wrapper.framework; name = UIKit.framework; path = System/Library/Frameworks/UIKit.framework; sourceTree = SDKROOT; };
		84A4A317186D5E1100AEAD27 /* ReachabilityEx-Info.plist */ = {isa = PBXFileReference; lastKnownFileType = text.plist.xml; path = "ReachabilityEx-Info.plist"; sourceTree = "<group>"; };
		84A4A319186D5E1100AEAD27 /* en */ = {isa = PBXFileReference; lastKnownFileType = text.plist.strings; name = en; path = en.lproj/InfoPlist.strings; sourceTree = "<group>"; };
		84A4A31B186D5E1100AEAD27 /* main.m */ = {isa = PBXFileReference; lastKnownFileType = sourcecode.c.objc; path = main.m; sourceTree = "<group>"; };
		84A4A31D186D5E1100AEAD27 /* ReachabilityEx-Prefix.pch */ = {isa = PBXFileReference; lastKnownFileType = sourcecode.c.h; path = "ReachabilityEx-Prefix.pch"; sourceTree = "<group>"; };
		84A4A31E186D5E1100AEAD27 /* AppDelegate.h */ = {isa = PBXFileReference; lastKnownFileType = sourcecode.c.h; path = AppDelegate.h; sourceTree = "<group>"; };
		84A4A31F186D5E1100AEAD27 /* AppDelegate.m */ = {isa = PBXFileReference; lastKnownFileType = sourcecode.c.objc; path = AppDelegate.m; sourceTree = "<group>"; };
		84A4A322186D5E1100AEAD27 /* Base */ = {isa = PBXFileReference; lastKnownFileType = file.storyboard; name = Base; path = Base.lproj/Main.storyboard; sourceTree = "<group>"; };
		84A4A324186D5E1100AEAD27 /* ViewController.h */ = {isa = PBXFileReference; lastKnownFileType = sourcecode.c.h; path = ViewController.h; sourceTree = "<group>"; };
		84A4A325186D5E1100AEAD27 /* ViewController.m */ = {isa = PBXFileReference; lastKnownFileType = sourcecode.c.objc; path = ViewController.m; sourceTree = "<group>"; };
		84A4A327186D5E1100AEAD27 /* Images.xcassets */ = {isa = PBXFileReference; lastKnownFileType = folder.assetcatalog; path = Images.xcassets; sourceTree = "<group>"; };
		84A4A32D186D5E1100AEAD27 /* ReachabilityExTests.xctest */ = {isa = PBXFileReference; explicitFileType = wrapper.cfbundle; includeInIndex = 0; path = ReachabilityExTests.xctest; sourceTree = BUILT_PRODUCTS_DIR; };
		84A4A32E186D5E1100AEAD27 /* XCTest.framework */ = {isa = PBXFileReference; lastKnownFileType = wrapper.framework; name = XCTest.framework; path = Library/Frameworks/XCTest.framework; sourceTree = DEVELOPER_DIR; };
		84A4A336186D5E1100AEAD27 /* ReachabilityExTests-Info.plist */ = {isa = PBXFileReference; lastKnownFileType = text.plist.xml; path = "ReachabilityExTests-Info.plist"; sourceTree = "<group>"; };
		84A4A338186D5E1100AEAD27 /* en */ = {isa = PBXFileReference; lastKnownFileType = text.plist.strings; name = en; path = en.lproj/InfoPlist.strings; sourceTree = "<group>"; };
		84A4A33A186D5E1100AEAD27 /* ReachabilityExTests.m */ = {isa = PBXFileReference; lastKnownFileType = sourcecode.c.objc; path = ReachabilityExTests.m; sourceTree = "<group>"; };
		84A4A344186D5E3100AEAD27 /* Reachability.h */ = {isa = PBXFileReference; fileEncoding = 4; lastKnownFileType = sourcecode.c.h; path = Reachability.h; sourceTree = "<group>"; };
		84A4A345186D5E3100AEAD27 /* Reachability.m */ = {isa = PBXFileReference; fileEncoding = 4; lastKnownFileType = sourcecode.c.objc; path = Reachability.m; sourceTree = "<group>"; };
		84A4A347186D5F2500AEAD27 /* Reachability+XG.h */ = {isa = PBXFileReference; fileEncoding = 4; lastKnownFileType = sourcecode.c.h; path = "Reachability+XG.h"; sourceTree = "<group>"; };
		84A4A348186D5F2500AEAD27 /* Reachability+XG.m */ = {isa = PBXFileReference; fileEncoding = 4; lastKnownFileType = sourcecode.c.objc; path = "Reachability+XG.m"; sourceTree = "<group>"; };
/* End PBXFileReference section */

/* Begin PBXFrameworksBuildPhase section */
		84A4A309186D5E1100AEAD27 /* Frameworks */ = {
			isa = PBXFrameworksBuildPhase;
			buildActionMask = 2147483647;
			files = (
				8428FEC5186D81D60040EADB /* SystemConfiguration.framework in Frameworks */,
				8428FEC3186D80EE0040EADB /* CoreTelephony.framework in Frameworks */,
				84A4A312186D5E1100AEAD27 /* CoreGraphics.framework in Frameworks */,
				84A4A314186D5E1100AEAD27 /* UIKit.framework in Frameworks */,
				84A4A310186D5E1100AEAD27 /* Foundation.framework in Frameworks */,
			);
			runOnlyForDeploymentPostprocessing = 0;
		};
		84A4A32A186D5E1100AEAD27 /* Frameworks */ = {
			isa = PBXFrameworksBuildPhase;
			buildActionMask = 2147483647;
			files = (
				84A4A32F186D5E1100AEAD27 /* XCTest.framework in Frameworks */,
				84A4A331186D5E1100AEAD27 /* UIKit.framework in Frameworks */,
				84A4A330186D5E1100AEAD27 /* Foundation.framework in Frameworks */,
			);
			runOnlyForDeploymentPostprocessing = 0;
		};
/* End PBXFrameworksBuildPhase section */

/* Begin PBXGroup section */
		84A4A303186D5E1100AEAD27 = {
			isa = PBXGroup;
			children = (
				84A4A315186D5E1100AEAD27 /* ReachabilityEx */,
				84A4A334186D5E1100AEAD27 /* ReachabilityExTests */,
				84A4A30E186D5E1100AEAD27 /* Frameworks */,
				84A4A30D186D5E1100AEAD27 /* Products */,
			);
			sourceTree = "<group>";
		};
		84A4A30D186D5E1100AEAD27 /* Products */ = {
			isa = PBXGroup;
			children = (
				84A4A30C186D5E1100AEAD27 /* ReachabilityEx.app */,
				84A4A32D186D5E1100AEAD27 /* ReachabilityExTests.xctest */,
			);
			name = Products;
			sourceTree = "<group>";
		};
		84A4A30E186D5E1100AEAD27 /* Frameworks */ = {
			isa = PBXGroup;
			children = (
				8428FEC4186D81D60040EADB /* SystemConfiguration.framework */,
				8428FEC2186D80EE0040EADB /* CoreTelephony.framework */,
				84A4A30F186D5E1100AEAD27 /* Foundation.framework */,
				84A4A311186D5E1100AEAD27 /* CoreGraphics.framework */,
				84A4A313186D5E1100AEAD27 /* UIKit.framework */,
				84A4A32E186D5E1100AEAD27 /* XCTest.framework */,
			);
			name = Frameworks;
			sourceTree = "<group>";
		};
		84A4A315186D5E1100AEAD27 /* ReachabilityEx */ = {
			isa = PBXGroup;
			children = (
				84A4A344186D5E3100AEAD27 /* Reachability.h */,
				84A4A345186D5E3100AEAD27 /* Reachability.m */,
				84A4A347186D5F2500AEAD27 /* Reachability+XG.h */,
				84A4A348186D5F2500AEAD27 /* Reachability+XG.m */,
				84A4A31E186D5E1100AEAD27 /* AppDelegate.h */,
				84A4A31F186D5E1100AEAD27 /* AppDelegate.m */,
				84A4A321186D5E1100AEAD27 /* Main.storyboard */,
				84A4A324186D5E1100AEAD27 /* ViewController.h */,
				84A4A325186D5E1100AEAD27 /* ViewController.m */,
				84A4A327186D5E1100AEAD27 /* Images.xcassets */,
				84A4A316186D5E1100AEAD27 /* Supporting Files */,
			);
			path = ReachabilityEx;
			sourceTree = "<group>";
		};
		84A4A316186D5E1100AEAD27 /* Supporting Files */ = {
			isa = PBXGroup;
			children = (
				84A4A317186D5E1100AEAD27 /* ReachabilityEx-Info.plist */,
				84A4A318186D5E1100AEAD27 /* InfoPlist.strings */,
				84A4A31B186D5E1100AEAD27 /* main.m */,
				84A4A31D186D5E1100AEAD27 /* ReachabilityEx-Prefix.pch */,
			);
			name = "Supporting Files";
			sourceTree = "<group>";
		};
		84A4A334186D5E1100AEAD27 /* ReachabilityExTests */ = {
			isa = PBXGroup;
			children = (
				84A4A33A186D5E1100AEAD27 /* ReachabilityExTests.m */,
				84A4A335186D5E1100AEAD27 /* Supporting Files */,
			);
			path = ReachabilityExTests;
			sourceTree = "<group>";
		};
		84A4A335186D5E1100AEAD27 /* Supporting Files */ = {
			isa = PBXGroup;
			children = (
				84A4A336186D5E1100AEAD27 /* ReachabilityExTests-Info.plist */,
				84A4A337186D5E1100AEAD27 /* InfoPlist.strings */,
			);
			name = "Supporting Files";
			sourceTree = "<group>";
		};
/* End PBXGroup section */

/* Begin PBXNativeTarget section */
		84A4A30B186D5E1100AEAD27 /* ReachabilityEx */ = {
			isa = PBXNativeTarget;
			buildConfigurationList = 84A4A33E186D5E1100AEAD27 /* Build configuration list for PBXNativeTarget "ReachabilityEx" */;
			buildPhases = (
				84A4A308186D5E1100AEAD27 /* Sources */,
				84A4A309186D5E1100AEAD27 /* Frameworks */,
				84A4A30A186D5E1100AEAD27 /* Resources */,
			);
			buildRules = (
			);
			dependencies = (
			);
			name = ReachabilityEx;
			productName = ReachabilityEx;
			productReference = 84A4A30C186D5E1100AEAD27 /* ReachabilityEx.app */;
			productType = "com.apple.product-type.application";
		};
		84A4A32C186D5E1100AEAD27 /* ReachabilityExTests */ = {
			isa = PBXNativeTarget;
			buildConfigurationList = 84A4A341186D5E1100AEAD27 /* Build configuration list for PBXNativeTarget "ReachabilityExTests" */;
			buildPhases = (
				84A4A329186D5E1100AEAD27 /* Sources */,
				84A4A32A186D5E1100AEAD27 /* Frameworks */,
				84A4A32B186D5E1100AEAD27 /* Resources */,
			);
			buildRules = (
			);
			dependencies = (
				84A4A333186D5E1100AEAD27 /* PBXTargetDependency */,
			);
			name = ReachabilityExTests;
			productName = ReachabilityExTests;
			productReference = 84A4A32D186D5E1100AEAD27 /* ReachabilityExTests.xctest */;
			productType = "com.apple.product-type.bundle.unit-test";
		};
/* End PBXNativeTarget section */

/* Begin PBXProject section */
		84A4A304186D5E1100AEAD27 /* Project object */ = {
			isa = PBXProject;
			attributes = {
				LastUpgradeCheck = 0500;
				ORGANIZATIONNAME = FengXing;
				TargetAttributes = {
					84A4A30B186D5E1100AEAD27 = {
						DevelopmentTeam = 6V6YNNVBJN;
					};
					84A4A32C186D5E1100AEAD27 = {
						TestTargetID = 84A4A30B186D5E1100AEAD27;
					};
				};
			};
			buildConfigurationList = 84A4A307186D5E1100AEAD27 /* Build configuration list for PBXProject "ReachabilityEx" */;
			compatibilityVersion = "Xcode 3.2";
			developmentRegion = English;
			hasScannedForEncodings = 0;
			knownRegions = (
				en,
				Base,
			);
			mainGroup = 84A4A303186D5E1100AEAD27;
			productRefGroup = 84A4A30D186D5E1100AEAD27 /* Products */;
			projectDirPath = "";
			projectRoot = "";
			targets = (
				84A4A30B186D5E1100AEAD27 /* ReachabilityEx */,
				84A4A32C186D5E1100AEAD27 /* ReachabilityExTests */,
			);
		};
/* End PBXProject section */

/* Begin PBXResourcesBuildPhase section */
		84A4A30A186D5E1100AEAD27 /* Resources */ = {
			isa = PBXResourcesBuildPhase;
			buildActionMask = 2147483647;
			files = (
				84A4A328186D5E1100AEAD27 /* Images.xcassets in Resources */,
				84A4A31A186D5E1100AEAD27 /* InfoPlist.strings in Resources */,
				84A4A323186D5E1100AEAD27 /* Main.storyboard in Resources */,
			);
			runOnlyForDeploymentPostprocessing = 0;
		};
		84A4A32B186D5E1100AEAD27 /* Resources */ = {
			isa = PBXResourcesBuildPhase;
			buildActionMask = 2147483647;
			files = (
				84A4A339186D5E1100AEAD27 /* InfoPlist.strings in Resources */,
			);
			runOnlyForDeploymentPostprocessing = 0;
		};
/* End PBXResourcesBuildPhase section */

/* Begin PBXSourcesBuildPhase section */
		84A4A308186D5E1100AEAD27 /* Sources */ = {
			isa = PBXSourcesBuildPhase;
			buildActionMask = 2147483647;
			files = (
				84A4A326186D5E1100AEAD27 /* ViewController.m in Sources */,
				84A4A320186D5E1100AEAD27 /* AppDelegate.m in Sources */,
				84A4A346186D5E3100AEAD27 /* Reachability.m in Sources */,
				84A4A31C186D5E1100AEAD27 /* main.m in Sources */,
				84A4A349186D5F2500AEAD27 /* Reachability+XG.m in Sources */,
			);
			runOnlyForDeploymentPostprocessing = 0;
		};
		84A4A329186D5E1100AEAD27 /* Sources */ = {
			isa = PBXSourcesBuildPhase;
			buildActionMask = 2147483647;
			files = (
				84A4A33B186D5E1100AEAD27 /* ReachabilityExTests.m in Sources */,
			);
			runOnlyForDeploymentPostprocessing = 0;
		};
/* End PBXSourcesBuildPhase section */

/* Begin PBXTargetDependency section */
		84A4A333186D5E1100AEAD27 /* PBXTargetDependency */ = {
			isa = PBXTargetDependency;
			target = 84A4A30B186D5E1100AEAD27 /* ReachabilityEx */;
			targetProxy = 84A4A332186D5E1100AEAD27 /* PBXContainerItemProxy */;
		};
/* End PBXTargetDependency section */

/* Begin PBXVariantGroup section */
		84A4A318186D5E1100AEAD27 /* InfoPlist.strings */ = {
			isa = PBXVariantGroup;
			children = (
				84A4A319186D5E1100AEAD27 /* en */,
			);
			name = InfoPlist.strings;
			sourceTree = "<group>";
		};
		84A4A321186D5E1100AEAD27 /* Main.storyboard */ = {
			isa = PBXVariantGroup;
			children = (
				84A4A322186D5E1100AEAD27 /* Base */,
			);
			name = Main.storyboard;
			sourceTree = "<group>";
		};
		84A4A337186D5E1100AEAD27 /* InfoPlist.strings */ = {
			isa = PBXVariantGroup;
			children = (
				84A4A338186D5E1100AEAD27 /* en */,
			);
			name = InfoPlist.strings;
			sourceTree = "<group>";
		};
/* End PBXVariantGroup section */

/* Begin XCBuildConfiguration section */
		84A4A33C186D5E1100AEAD27 /* Debug */ = {
			isa = XCBuildConfiguration;
			buildSettings = {
				ALWAYS_SEARCH_USER_PATHS = NO;
				ARCHS = "$(ARCHS_STANDARD_INCLUDING_64_BIT)";
				CLANG_CXX_LANGUAGE_STANDARD = "gnu++0x";
				CLANG_CXX_LIBRARY = "libc++";
				CLANG_ENABLE_MODULES = YES;
				CLANG_ENABLE_OBJC_ARC = YES;
				CLANG_WARN_BOOL_CONVERSION = YES;
				CLANG_WARN_CONSTANT_CONVERSION = YES;
				CLANG_WARN_DIRECT_OBJC_ISA_USAGE = YES_ERROR;
				CLANG_WARN_EMPTY_BODY = YES;
				CLANG_WARN_ENUM_CONVERSION = YES;
				CLANG_WARN_INT_CONVERSION = YES;
				CLANG_WARN_OBJC_ROOT_CLASS = YES_ERROR;
				CLANG_WARN__DUPLICATE_METHOD_MATCH = YES;
				"CODE_SIGN_IDENTITY[sdk=iphoneos*]" = "iPhone Developer";
				COPY_PHASE_STRIP = NO;
				GCC_C_LANGUAGE_STANDARD = gnu99;
				GCC_DYNAMIC_NO_PIC = NO;
				GCC_OPTIMIZATION_LEVEL = 0;
				GCC_PREPROCESSOR_DEFINITIONS = (
					"DEBUG=1",
					"$(inherited)",
				);
				GCC_SYMBOLS_PRIVATE_EXTERN = NO;
				GCC_WARN_64_TO_32_BIT_CONVERSION = YES;
				GCC_WARN_ABOUT_RETURN_TYPE = YES_ERROR;
				GCC_WARN_UNDECLARED_SELECTOR = YES;
				GCC_WARN_UNINITIALIZED_AUTOS = YES;
				GCC_WARN_UNUSED_FUNCTION = YES;
				GCC_WARN_UNUSED_VARIABLE = YES;
				IPHONEOS_DEPLOYMENT_TARGET = 7.0;
				ONLY_ACTIVE_ARCH = YES;
				SDKROOT = iphoneos;
			};
			name = Debug;
		};
		84A4A33D186D5E1100AEAD27 /* Release */ = {
			isa = XCBuildConfiguration;
			buildSettings = {
				ALWAYS_SEARCH_USER_PATHS = NO;
				ARCHS = "$(ARCHS_STANDARD_INCLUDING_64_BIT)";
				CLANG_CXX_LANGUAGE_STANDARD = "gnu++0x";
				CLANG_CXX_LIBRARY = "libc++";
				CLANG_ENABLE_MODULES = YES;
				CLANG_ENABLE_OBJC_ARC = YES;
				CLANG_WARN_BOOL_CONVERSION = YES;
				CLANG_WARN_CONSTANT_CONVERSION = YES;
				CLANG_WARN_DIRECT_OBJC_ISA_USAGE = YES_ERROR;
				CLANG_WARN_EMPTY_BODY = YES;
				CLANG_WARN_ENUM_CONVERSION = YES;
				CLANG_WARN_INT_CONVERSION = YES;
				CLANG_WARN_OBJC_ROOT_CLASS = YES_ERROR;
				CLANG_WARN__DUPLICATE_METHOD_MATCH = YES;
				"CODE_SIGN_IDENTITY[sdk=iphoneos*]" = "iPhone Developer";
				COPY_PHASE_STRIP = YES;
				ENABLE_NS_ASSERTIONS = NO;
				GCC_C_LANGUAGE_STANDARD = gnu99;
				GCC_WARN_64_TO_32_BIT_CONVERSION = YES;
				GCC_WARN_ABOUT_RETURN_TYPE = YES_ERROR;
				GCC_WARN_UNDECLARED_SELECTOR = YES;
				GCC_WARN_UNINITIALIZED_AUTOS = YES;
				GCC_WARN_UNUSED_FUNCTION = YES;
				GCC_WARN_UNUSED_VARIABLE = YES;
				IPHONEOS_DEPLOYMENT_TARGET = 7.0;
				SDKROOT = iphoneos;
				VALIDATE_PRODUCT = YES;
			};
			name = Release;
		};
		84A4A33F186D5E1100AEAD27 /* Debug */ = {
			isa = XCBuildConfiguration;
			buildSettings = {
				ARCHS = "$(ARCHS_STANDARD)";
				ASSETCATALOG_COMPILER_APPICON_NAME = AppIcon;
				ASSETCATALOG_COMPILER_LAUNCHIMAGE_NAME = LaunchImage;
				CODE_SIGN_IDENTITY = "iPhone Developer: Lian Peng (72Y4DW8983)";
				"CODE_SIGN_IDENTITY[sdk=iphoneos*]" = "iPhone Developer: Lian Peng (72Y4DW8983)";
				GCC_PRECOMPILE_PREFIX_HEADER = YES;
				GCC_PREFIX_HEADER = "ReachabilityEx/ReachabilityEx-Prefix.pch";
				INFOPLIST_FILE = "ReachabilityEx/ReachabilityEx-Info.plist";
				IPHONEOS_DEPLOYMENT_TARGET = 6.1;
				PRODUCT_NAME = "$(TARGET_NAME)";
				PROVISIONING_PROFILE = "25C25DFE-57FB-463E-A591-5402EA0B79E8";
				SDKROOT = iphoneos6.1;
				TARGETED_DEVICE_FAMILY = 1;
				WRAPPER_EXTENSION = app;
			};
			name = Debug;
		};
		84A4A340186D5E1100AEAD27 /* Release */ = {
			isa = XCBuildConfiguration;
			buildSettings = {
				ARCHS = "$(ARCHS_STANDARD)";
				ASSETCATALOG_COMPILER_APPICON_NAME = AppIcon;
				ASSETCATALOG_COMPILER_LAUNCHIMAGE_NAME = LaunchImage;
				CODE_SIGN_IDENTITY = "iPhone Developer";
				"CODE_SIGN_IDENTITY[sdk=iphoneos*]" = "iPhone Developer";
				GCC_PRECOMPILE_PREFIX_HEADER = YES;
				GCC_PREFIX_HEADER = "ReachabilityEx/ReachabilityEx-Prefix.pch";
				INFOPLIST_FILE = "ReachabilityEx/ReachabilityEx-Info.plist";
				IPHONEOS_DEPLOYMENT_TARGET = 6.1;
				PRODUCT_NAME = "$(TARGET_NAME)";
				PROVISIONING_PROFILE = "96572B27-17C1-4923-B9B6-1EEF6F8F2175";
				SDKROOT = iphoneos6.1;
				TARGETED_DEVICE_FAMILY = 1;
				WRAPPER_EXTENSION = app;
			};
			name = Release;
		};
		84A4A342186D5E1100AEAD27 /* Debug */ = {
			isa = XCBuildConfiguration;
			buildSettings = {
				ARCHS = "$(ARCHS_STANDARD_INCLUDING_64_BIT)";
				BUNDLE_LOADER = "$(BUILT_PRODUCTS_DIR)/ReachabilityEx.app/ReachabilityEx";
				FRAMEWORK_SEARCH_PATHS = (
					"$(SDKROOT)/Developer/Library/Frameworks",
					"$(inherited)",
					"$(DEVELOPER_FRAMEWORKS_DIR)",
				);
				GCC_PRECOMPILE_PREFIX_HEADER = YES;
				GCC_PREFIX_HEADER = "ReachabilityEx/ReachabilityEx-Prefix.pch";
				GCC_PREPROCESSOR_DEFINITIONS = (
					"DEBUG=1",
					"$(inherited)",
				);
				INFOPLIST_FILE = "ReachabilityExTests/ReachabilityExTests-Info.plist";
				PRODUCT_NAME = "$(TARGET_NAME)";
				TEST_HOST = "$(BUNDLE_LOADER)";
				WRAPPER_EXTENSION = xctest;
			};
			name = Debug;
		};
		84A4A343186D5E1100AEAD27 /* Release */ = {
			isa = XCBuildConfiguration;
			buildSettings = {
				ARCHS = "$(ARCHS_STANDARD_INCLUDING_64_BIT)";
				BUNDLE_LOADER = "$(BUILT_PRODUCTS_DIR)/ReachabilityEx.app/ReachabilityEx";
				FRAMEWORK_SEARCH_PATHS = (
					"$(SDKROOT)/Developer/Library/Frameworks",
					"$(inherited)",
					"$(DEVELOPER_FRAMEWORKS_DIR)",
				);
				GCC_PRECOMPILE_PREFIX_HEADER = YES;
				GCC_PREFIX_HEADER = "ReachabilityEx/ReachabilityEx-Prefix.pch";
				INFOPLIST_FILE = "ReachabilityExTests/ReachabilityExTests-Info.plist";
				PRODUCT_NAME = "$(TARGET_NAME)";
				TEST_HOST = "$(BUNDLE_LOADER)";
				WRAPPER_EXTENSION = xctest;
			};
			name = Release;
		};
/* End XCBuildConfiguration section */

/* Begin XCConfigurationList section */
		84A4A307186D5E1100AEAD27 /* Build configuration list for PBXProject "ReachabilityEx" */ = {
			isa = XCConfigurationList;
			buildConfigurations = (
				84A4A33C186D5E1100AEAD27 /* Debug */,
				84A4A33D186D5E1100AEAD27 /* Release */,
			);
			defaultConfigurationIsVisible = 0;
			defaultConfigurationName = Release;
		};
		84A4A33E186D5E1100AEAD27 /* Build configuration list for PBXNativeTarget "ReachabilityEx" */ = {
			isa = XCConfigurationList;
			buildConfigurations = (
				84A4A33F186D5E1100AEAD27 /* Debug */,
				84A4A340186D5E1100AEAD27 /* Release */,
			);
			defaultConfigurationIsVisible = 0;
			defaultConfigurationName = Release;
		};
		84A4A341186D5E1100AEAD27 /* Build configuration list for PBXNativeTarget "ReachabilityExTests" */ = {
			isa = XCConfigurationList;
			buildConfigurations = (
				84A4A342186D5E1100AEAD27 /* Debug */,
				84A4A343186D5E1100AEAD27 /* Release */,
			);
			defaultConfigurationIsVisible = 0;
			defaultConfigurationName = Release;
		};
/* End XCConfigurationList section */
	};
	rootObject = 84A4A304186D5E1100AEAD27 /* Project object */;
}
